
Microsoft Visual Studio Solution File, Format Version 12.00
# Visual Studio Version 16
VisualStudioVersion = 16.0.34301.259
MinimumVisualStudioVersion = 10.0.40219.1
Project("{FAE04EC0-301F-11D3-BF4B-00C04F79EFBC}") = "ModuleRef", "ModuleRef.csproj", "{D573205A-C11F-4887-8FBC-A040D9D5FAF1}"
EndProject
Global
	GlobalSection(SolutionConfigurationPlatforms) = preSolution
		Debug|Any CPU = Debug|Any CPU
		Release|Any CPU = Release|Any CPU
	EndGlobalSection
	GlobalSection(ProjectConfigurationPlatforms) = postSolution
		{D573205A-C11F-4887-8FBC-A040D9D5FAF1}.Debug|Any CPU.ActiveCfg = Debug|Any CPU
		{D573205A-C11F-4887-8FBC-A040D9D5FAF1}.Debug|Any CPU.Build.0 = Debug|Any CPU
		{D573205A-C11F-4887-8FBC-A040D9D5FAF1}.Release|Any CPU.ActiveCfg = Release|Any CPU
		{D573205A-C11F-4887-8FBC-A040D9D5FAF1}.Release|Any CPU.Build.0 = Release|Any CPU
	EndGlobalSection
	GlobalSection(SolutionProperties) = preSolution
		HideSolutionNode = FALSE
	EndGlobalSection
	GlobalSection(ExtensibilityGlobals) = postSolution
		SolutionGuid = {468AA9BA-CD53-4A27-B7F8-EFDBAFEF21AA}
	EndGlobalSection
EndGlobal
